
Microsoft Visual Studio Solution File, Format Version 12.00
# Visual Studio 15
VisualStudioVersion = 15.0.27130.2024
MinimumVisualStudioVersion = 10.0.40219.1
Project("{2150E333-8FDC-42A3-9474-1A3956D46DE8}") = "Bot", "Bot", "{97E3DA0D-1E1A-4807-86BA-44F5B0AB11E9}"
EndProject
Project("{FAE04EC0-301F-11D3-BF4B-00C04F79EFBC}") = "Enterprise.Chatbot", "Enterprise.Chatbot\Enterprise.Chatbot.csproj", "{9D2EF939-DE51-4A50-9151-3EFBDD3431EC}"
EndProject
Project("{FAE04EC0-301F-11D3-BF4B-00C04F79EFBC}") = "Enterprise.Domain", "Enterprise.Domain\Enterprise.Domain.csproj", "{A1D83C18-FF4E-4CE4-9786-5D51DE424ACD}"
EndProject
Project("{FAE04EC0-301F-11D3-BF4B-00C04F79EFBC}") = "Enterprise.Application", "Enterprise.Application\Enterprise.Application.csproj", "{E64727DB-0840-4EC1-B53F-181958DE0B8A}"
EndProject
Project("{FAE04EC0-301F-11D3-BF4B-00C04F79EFBC}") = "Enterprise.Infrastructure", "Enterprise.Infrastructure\Enterprise.Infrastructure.csproj", "{189C0C51-ED39-4C4B-B0F7-05C4E4E1E525}"
EndProject
Project("{FAE04EC0-301F-11D3-BF4B-00C04F79EFBC}") = "Enterprise.Persistence", "Enterprise.Persistence\Enterprise.Persistence.csproj", "{39F6FA53-801F-40BA-AD34-CBFC48F79947}"
EndProject
Project("{FAE04EC0-301F-11D3-BF4B-00C04F79EFBC}") = "Enterprise.Common", "Enterprise.Common\Enterprise.Common.csproj", "{C82BC383-213D-4D69-9DDD-5F35FF94070F}"
EndProject
Project("{FAE04EC0-301F-11D3-BF4B-00C04F79EFBC}") = "Enterprise.Chatbot.Information", "Enterprise.Chatbot.Information\Enterprise.Chatbot.Information.csproj", "{02F563E0-9C69-42C4-AA3A-07A8F7BC2C8B}"
EndProject
Project("{FAE04EC0-301F-11D3-BF4B-00C04F79EFBC}") = "Enterprise.Chatbot.Operations", "Enterprise.Chatbot.Operations\Enterprise.Chatbot.Operations.csproj", "{05FD6756-3C51-4620-B996-E126E46EA06E}"
EndProject
Project("{FAE04EC0-301F-11D3-BF4B-00C04F79EFBC}") = "Enterprise.Chatbot.Common", "Enterprise.Chatbot.Common\Enterprise.Chatbot.Common.csproj", "{302E8932-81B5-4A87-8B52-CA73B34727F5}"
EndProject
Global
	GlobalSection(SolutionConfigurationPlatforms) = preSolution
		Debug|Any CPU = Debug|Any CPU
		Release|Any CPU = Release|Any CPU
	EndGlobalSection
	GlobalSection(ProjectConfigurationPlatforms) = postSolution
		{9D2EF939-DE51-4A50-9151-3EFBDD3431EC}.Debug|Any CPU.ActiveCfg = Debug|Any CPU
		{9D2EF939-DE51-4A50-9151-3EFBDD3431EC}.Debug|Any CPU.Build.0 = Debug|Any CPU
		{9D2EF939-DE51-4A50-9151-3EFBDD3431EC}.Release|Any CPU.ActiveCfg = Release|Any CPU
		{9D2EF939-DE51-4A50-9151-3EFBDD3431EC}.Release|Any CPU.Build.0 = Release|Any CPU
		{A1D83C18-FF4E-4CE4-9786-5D51DE424ACD}.Debug|Any CPU.ActiveCfg = Debug|Any CPU
		{A1D83C18-FF4E-4CE4-9786-5D51DE424ACD}.Debug|Any CPU.Build.0 = Debug|Any CPU
		{A1D83C18-FF4E-4CE4-9786-5D51DE424ACD}.Release|Any CPU.ActiveCfg = Release|Any CPU
		{A1D83C18-FF4E-4CE4-9786-5D51DE424ACD}.Release|Any CPU.Build.0 = Release|Any CPU
		{E64727DB-0840-4EC1-B53F-181958DE0B8A}.Debug|Any CPU.ActiveCfg = Debug|Any CPU
		{E64727DB-0840-4EC1-B53F-181958DE0B8A}.Debug|Any CPU.Build.0 = Debug|Any CPU
		{E64727DB-0840-4EC1-B53F-181958DE0B8A}.Release|Any CPU.ActiveCfg = Release|Any CPU
		{E64727DB-0840-4EC1-B53F-181958DE0B8A}.Release|Any CPU.Build.0 = Release|Any CPU
		{189C0C51-ED39-4C4B-B0F7-05C4E4E1E525}.Debug|Any CPU.ActiveCfg = Debug|Any CPU
		{189C0C51-ED39-4C4B-B0F7-05C4E4E1E525}.Debug|Any CPU.Build.0 = Debug|Any CPU
		{189C0C51-ED39-4C4B-B0F7-05C4E4E1E525}.Release|Any CPU.ActiveCfg = Release|Any CPU
		{189C0C51-ED39-4C4B-B0F7-05C4E4E1E525}.Release|Any CPU.Build.0 = Release|Any CPU
		{39F6FA53-801F-40BA-AD34-CBFC48F79947}.Debug|Any CPU.ActiveCfg = Debug|Any CPU
		{39F6FA53-801F-40BA-AD34-CBFC48F79947}.Debug|Any CPU.Build.0 = Debug|Any CPU
		{39F6FA53-801F-40BA-AD34-CBFC48F79947}.Release|Any CPU.ActiveCfg = Release|Any CPU
		{39F6FA53-801F-40BA-AD34-CBFC48F79947}.Release|Any CPU.Build.0 = Release|Any CPU
		{C82BC383-213D-4D69-9DDD-5F35FF94070F}.Debug|Any CPU.ActiveCfg = Debug|Any CPU
		{C82BC383-213D-4D69-9DDD-5F35FF94070F}.Debug|Any CPU.Build.0 = Debug|Any CPU
		{C82BC383-213D-4D69-9DDD-5F35FF94070F}.Release|Any CPU.ActiveCfg = Release|Any CPU
		{C82BC383-213D-4D69-9DDD-5F35FF94070F}.Release|Any CPU.Build.0 = Release|Any CPU
		{02F563E0-9C69-42C4-AA3A-07A8F7BC2C8B}.Debug|Any CPU.ActiveCfg = Debug|Any CPU
		{02F563E0-9C69-42C4-AA3A-07A8F7BC2C8B}.Debug|Any CPU.Build.0 = Debug|Any CPU
		{02F563E0-9C69-42C4-AA3A-07A8F7BC2C8B}.Release|Any CPU.ActiveCfg = Release|Any CPU
		{02F563E0-9C69-42C4-AA3A-07A8F7BC2C8B}.Release|Any CPU.Build.0 = Release|Any CPU
		{05FD6756-3C51-4620-B996-E126E46EA06E}.Debug|Any CPU.ActiveCfg = Debug|Any CPU
		{05FD6756-3C51-4620-B996-E126E46EA06E}.Debug|Any CPU.Build.0 = Debug|Any CPU
		{05FD6756-3C51-4620-B996-E126E46EA06E}.Release|Any CPU.ActiveCfg = Release|Any CPU
		{05FD6756-3C51-4620-B996-E126E46EA06E}.Release|Any CPU.Build.0 = Release|Any CPU
		{302E8932-81B5-4A87-8B52-CA73B34727F5}.Debug|Any CPU.ActiveCfg = Debug|Any CPU
		{302E8932-81B5-4A87-8B52-CA73B34727F5}.Debug|Any CPU.Build.0 = Debug|Any CPU
		{302E8932-81B5-4A87-8B52-CA73B34727F5}.Release|Any CPU.ActiveCfg = Release|Any CPU
		{302E8932-81B5-4A87-8B52-CA73B34727F5}.Release|Any CPU.Build.0 = Release|Any CPU
	EndGlobalSection
	GlobalSection(SolutionProperties) = preSolution
		HideSolutionNode = FALSE
	EndGlobalSection
	GlobalSection(NestedProjects) = preSolution
		{9D2EF939-DE51-4A50-9151-3EFBDD3431EC} = {97E3DA0D-1E1A-4807-86BA-44F5B0AB11E9}
		{02F563E0-9C69-42C4-AA3A-07A8F7BC2C8B} = {97E3DA0D-1E1A-4807-86BA-44F5B0AB11E9}
		{05FD6756-3C51-4620-B996-E126E46EA06E} = {97E3DA0D-1E1A-4807-86BA-44F5B0AB11E9}
		{302E8932-81B5-4A87-8B52-CA73B34727F5} = {97E3DA0D-1E1A-4807-86BA-44F5B0AB11E9}
	EndGlobalSection
	GlobalSection(ExtensibilityGlobals) = postSolution
		SolutionGuid = {7496C6E3-1E9D-4230-9682-21B445493077}
	EndGlobalSection
EndGlobal
